# This is a Gradle generated file for dependency locking.
# Manual edits can break the build and are not advised.
# This file is expected to be part of source control.
empty=analogMechanicalDebugAndroidTestAnnotationProcessorClasspath,analogMechanicalDebugAndroidTestCompileClasspath,analogMechanicalDebugAndroidTestRuntimeClasspath,analogMechanicalDebugAnnotationProcessorClasspath,analogMechanicalDebugCompileClasspath,analogMechanicalDebugReverseMetadataValues,analogMechanicalDebugRuntimeClasspath,analogMechanicalDebugUnitTestAnnotationProcessorClasspath,analogMechanicalDebugUnitTestCompileClasspath,analogMechanicalDebugUnitTestRuntimeClasspath,analogMechanicalDebugWearBundling,analogMechanicalReleaseAnnotationProcessorClasspath,analogMechanicalReleaseCompileClasspath,analogMechanicalReleaseReverseMetadataValues,analogMechanicalReleaseRuntimeClasspath,analogMechanicalReleaseUnitTestAnnotationProcessorClasspath,analogMechanicalReleaseUnitTestCompileClasspath,analogMechanicalReleaseUnitTestRuntimeClasspath,analogMechanicalReleaseWearBundling,androidApis,androidJdkImage,androidTestUtil,coreLibraryDesugaring,digitalFullDebugAndroidTestAnnotationProcessorClasspath,digitalFullDebugAndroidTestCompileClasspath,digitalFullDebugAndroidTestRuntimeClasspath,digitalFullDebugAnnotationProcessorClasspath,digitalFullDebugCompileClasspath,digitalFullDebugReverseMetadataValues,digitalFullDebugRuntimeClasspath,digitalFullDebugUnitTestAnnotationProcessorClasspath,digitalFullDebugUnitTestCompileClasspath,digitalFullDebugUnitTestRuntimeClasspath,digitalFullDebugWearBundling,digitalFullReleaseAnnotationProcessorClasspath,digitalFullReleaseCompileClasspath,digitalFullReleaseReverseMetadataValues,digitalFullReleaseRuntimeClasspath,digitalFullReleaseUnitTestAnnotationProcessorClasspath,digitalFullReleaseUnitTestCompileClasspath,digitalFullReleaseUnitTestRuntimeClasspath,digitalFullReleaseWearBundling,lintChecks,lintPublish
